
Microsoft Visual Studio Solution File, Format Version 12.00
# Visual Studio Version 17
VisualStudioVersion = 17.4.33403.182
MinimumVisualStudioVersion = 10.0.40219.1
Project("{FAE04EC0-301F-11D3-BF4B-00C04F79EFBC}") = "Calculator", "Calculator.csproj", "{A02D68C3-2224-499D-ACE8-CD1C6952A06A}"
EndProject
Global
	GlobalSection(SolutionConfigurationPlatforms) = preSolution
		Debug|Any CPU = Debug|Any CPU
		Release|Any CPU = Release|Any CPU
	EndGlobalSection
	GlobalSection(ProjectConfigurationPlatforms) = postSolution
		{A02D68C3-2224-499D-ACE8-CD1C6952A06A}.Debug|Any CPU.ActiveCfg = Debug|Any CPU
		{A02D68C3-2224-499D-ACE8-CD1C6952A06A}.Debug|Any CPU.Build.0 = Debug|Any CPU
		{A02D68C3-2224-499D-ACE8-CD1C6952A06A}.Release|Any CPU.ActiveCfg = Release|Any CPU
		{A02D68C3-2224-499D-ACE8-CD1C6952A06A}.Release|Any CPU.Build.0 = Release|Any CPU
	EndGlobalSection
	GlobalSection(SolutionProperties) = preSolution
		HideSolutionNode = FALSE
	EndGlobalSection
	GlobalSection(ExtensibilityGlobals) = postSolution
		SolutionGuid = {174898CD-A1AD-493A-83BC-0D2460BC227E}
	EndGlobalSection
EndGlobal
